
Microsoft Visual Studio Solution File, Format Version 11.00
# Visual Studio 2010
Project("{FAE04EC0-301F-11D3-BF4B-00C04F79EFBC}") = "heart-br-ers-unity-master", "Assembly-CSharp.csproj", "{13528A00-9392-D69D-2D5E-EB8A356D9540}"
EndProject
Project("{FAE04EC0-301F-11D3-BF4B-00C04F79EFBC}") = "heart-br-ers-unity-master", "Assembly-CSharp-firstpass.csproj", "{AF05A65F-7141-5C14-31EA-E73AF5D4147E}"
EndProject
Project("{FAE04EC0-301F-11D3-BF4B-00C04F79EFBC}") = "heart-br-ers-unity-master", "Assembly-CSharp-Editor.csproj", "{4C0B1ECE-B35F-35E4-451C-3204E8332B4B}"
EndProject
Global
	GlobalSection(SolutionConfigurationPlatforms) = preSolution
		Debug|Any CPU = Debug|Any CPU
		Release|Any CPU = Release|Any CPU
	EndGlobalSection
	GlobalSection(ProjectConfigurationPlatforms) = postSolution
		{13528A00-9392-D69D-2D5E-EB8A356D9540}.Debug|Any CPU.ActiveCfg = Debug|Any CPU
		{13528A00-9392-D69D-2D5E-EB8A356D9540}.Debug|Any CPU.Build.0 = Debug|Any CPU
		{13528A00-9392-D69D-2D5E-EB8A356D9540}.Release|Any CPU.ActiveCfg = Release|Any CPU
		{13528A00-9392-D69D-2D5E-EB8A356D9540}.Release|Any CPU.Build.0 = Release|Any CPU
		{AF05A65F-7141-5C14-31EA-E73AF5D4147E}.Debug|Any CPU.ActiveCfg = Debug|Any CPU
		{AF05A65F-7141-5C14-31EA-E73AF5D4147E}.Debug|Any CPU.Build.0 = Debug|Any CPU
		{AF05A65F-7141-5C14-31EA-E73AF5D4147E}.Release|Any CPU.ActiveCfg = Release|Any CPU
		{AF05A65F-7141-5C14-31EA-E73AF5D4147E}.Release|Any CPU.Build.0 = Release|Any CPU
		{4C0B1ECE-B35F-35E4-451C-3204E8332B4B}.Debug|Any CPU.ActiveCfg = Debug|Any CPU
		{4C0B1ECE-B35F-35E4-451C-3204E8332B4B}.Debug|Any CPU.Build.0 = Debug|Any CPU
		{4C0B1ECE-B35F-35E4-451C-3204E8332B4B}.Release|Any CPU.ActiveCfg = Release|Any CPU
		{4C0B1ECE-B35F-35E4-451C-3204E8332B4B}.Release|Any CPU.Build.0 = Release|Any CPU
	EndGlobalSection
	GlobalSection(SolutionProperties) = preSolution
		HideSolutionNode = FALSE
	EndGlobalSection
	GlobalSection(MonoDevelopProperties) = preSolution
		StartupItem = Assembly-CSharp.csproj
	EndGlobalSection
EndGlobal
